
Microsoft Visual Studio Solution File, Format Version 12.00
# Visual Studio Version 16
VisualStudioVersion = 16.0.29709.97
MinimumVisualStudioVersion = 10.0.40219.1
Project("{9A19103F-16F7-4668-BE54-9A1E7A4F7556}") = "JacksonVeroneze.Shopping", "JacksonVeroneze.Shopping\JacksonVeroneze.Shopping\JacksonVeroneze.Shopping.csproj", "{613BA9F1-54F4-4DE4-A7E3-13D4C8F1AAA4}"
EndProject
Project("{FAE04EC0-301F-11D3-BF4B-00C04F79EFBC}") = "JacksonVeroneze.Shopping.Android", "JacksonVeroneze.Shopping\JacksonVeroneze.Shopping.Android\JacksonVeroneze.Shopping.Android.csproj", "{F191EE97-53A2-4008-A553-3C26F26D32AD}"
EndProject
Project("{FAE04EC0-301F-11D3-BF4B-00C04F79EFBC}") = "JacksonVeroneze.Shopping.iOS", "JacksonVeroneze.Shopping\JacksonVeroneze.Shopping.iOS\JacksonVeroneze.Shopping.iOS.csproj", "{EA6DECAD-FD46-44B2-8C1C-951ECB03EC55}"
EndProject
Project("{FAE04EC0-301F-11D3-BF4B-00C04F79EFBC}") = "JacksonVeroneze.Shopping.Common", "JacksonVeroneze.Shopping\JacksonVeroneze.Shopping.Common\JacksonVeroneze.Shopping.Common.csproj", "{3381AA89-E767-40E4-B32F-C8E2CE9BE537}"
EndProject
Project("{FAE04EC0-301F-11D3-BF4B-00C04F79EFBC}") = "JacksonVeroneze.Device", "JacksonVeroneze.Shopping\JacksonVeroneze.Device\JacksonVeroneze.Device.csproj", "{62F2BFD6-2FFC-4D68-B7F5-60C93F020B15}"
EndProject
Project("{FAE04EC0-301F-11D3-BF4B-00C04F79EFBC}") = "JacksonVeroneze.Shopping.Domain", "JacksonVeroneze.Shopping\JacksonVeroneze.Shopping.Domain\JacksonVeroneze.Shopping.Domain.csproj", "{1FDE8D8E-5C65-422B-AACC-F075AD094508}"
EndProject
Project("{FAE04EC0-301F-11D3-BF4B-00C04F79EFBC}") = "JacksonVeroneze.Shopping.Infra.CrossCutting", "JacksonVeroneze.Shopping\JacksonVeroneze.Shopping.Infra.CrossCutting\JacksonVeroneze.Shopping.Infra.CrossCutting.csproj", "{26C42A33-2D24-42AD-8385-34242EA2DD37}"
EndProject
Project("{FAE04EC0-301F-11D3-BF4B-00C04F79EFBC}") = "JacksonVeroneze.Shopping.Infra.Data", "JacksonVeroneze.Shopping\JacksonVeroneze.Shopping.Infra.Data\JacksonVeroneze.Shopping.Infra.Data.csproj", "{0AC40828-A534-467E-A98D-ED9A47DA42D2}"
EndProject
Project("{FAE04EC0-301F-11D3-BF4B-00C04F79EFBC}") = "JacksonVeroneze.Shopping.IoC", "JacksonVeroneze.Shopping\JacksonVeroneze.Shopping.IoC\JacksonVeroneze.Shopping.IoC.csproj", "{1526A916-C5D9-4201-994D-D5111E1AE1FF}"
EndProject
Project("{FAE04EC0-301F-11D3-BF4B-00C04F79EFBC}") = "JacksonVeroneze.Shopping.Services", "JacksonVeroneze.Shopping\JacksonVeroneze.Shopping.Services\JacksonVeroneze.Shopping.Services.csproj", "{D013AE81-3266-4318-863C-879E5ED1F9AF}"
EndProject
Global
	GlobalSection(SolutionConfigurationPlatforms) = preSolution
		Ad-Hoc|Any CPU = Ad-Hoc|Any CPU
		Ad-Hoc|iPhone = Ad-Hoc|iPhone
		Ad-Hoc|iPhoneSimulator = Ad-Hoc|iPhoneSimulator
		AppStore|Any CPU = AppStore|Any CPU
		AppStore|iPhone = AppStore|iPhone
		AppStore|iPhoneSimulator = AppStore|iPhoneSimulator
		Debug|Any CPU = Debug|Any CPU
		Debug|iPhone = Debug|iPhone
		Debug|iPhoneSimulator = Debug|iPhoneSimulator
		Release|Any CPU = Release|Any CPU
		Release|iPhone = Release|iPhone
		Release|iPhoneSimulator = Release|iPhoneSimulator
	EndGlobalSection
	GlobalSection(ProjectConfigurationPlatforms) = postSolution
		{613BA9F1-54F4-4DE4-A7E3-13D4C8F1AAA4}.Ad-Hoc|Any CPU.ActiveCfg = Debug|Any CPU
		{613BA9F1-54F4-4DE4-A7E3-13D4C8F1AAA4}.Ad-Hoc|Any CPU.Build.0 = Debug|Any CPU
		{613BA9F1-54F4-4DE4-A7E3-13D4C8F1AAA4}.Ad-Hoc|iPhone.ActiveCfg = Debug|Any CPU
		{613BA9F1-54F4-4DE4-A7E3-13D4C8F1AAA4}.Ad-Hoc|iPhone.Build.0 = Debug|Any CPU
		{613BA9F1-54F4-4DE4-A7E3-13D4C8F1AAA4}.Ad-Hoc|iPhoneSimulator.ActiveCfg = Debug|Any CPU
		{613BA9F1-54F4-4DE4-A7E3-13D4C8F1AAA4}.Ad-Hoc|iPhoneSimulator.Build.0 = Debug|Any CPU
		{613BA9F1-54F4-4DE4-A7E3-13D4C8F1AAA4}.AppStore|Any CPU.ActiveCfg = Debug|Any CPU
		{613BA9F1-54F4-4DE4-A7E3-13D4C8F1AAA4}.AppStore|Any CPU.Build.0 = Debug|Any CPU
		{613BA9F1-54F4-4DE4-A7E3-13D4C8F1AAA4}.AppStore|iPhone.ActiveCfg = Debug|Any CPU
		{613BA9F1-54F4-4DE4-A7E3-13D4C8F1AAA4}.AppStore|iPhone.Build.0 = Debug|Any CPU
		{613BA9F1-54F4-4DE4-A7E3-13D4C8F1AAA4}.AppStore|iPhoneSimulator.ActiveCfg = Debug|Any CPU
		{613BA9F1-54F4-4DE4-A7E3-13D4C8F1AAA4}.AppStore|iPhoneSimulator.Build.0 = Debug|Any CPU
		{613BA9F1-54F4-4DE4-A7E3-13D4C8F1AAA4}.Debug|Any CPU.ActiveCfg = Debug|Any CPU
		{613BA9F1-54F4-4DE4-A7E3-13D4C8F1AAA4}.Debug|Any CPU.Build.0 = Debug|Any CPU
		{613BA9F1-54F4-4DE4-A7E3-13D4C8F1AAA4}.Debug|iPhone.ActiveCfg = Debug|Any CPU
		{613BA9F1-54F4-4DE4-A7E3-13D4C8F1AAA4}.Debug|iPhone.Build.0 = Debug|Any CPU
		{613BA9F1-54F4-4DE4-A7E3-13D4C8F1AAA4}.Debug|iPhoneSimulator.ActiveCfg = Debug|Any CPU
		{613BA9F1-54F4-4DE4-A7E3-13D4C8F1AAA4}.Debug|iPhoneSimulator.Build.0 = Debug|Any CPU
		{613BA9F1-54F4-4DE4-A7E3-13D4C8F1AAA4}.Release|Any CPU.ActiveCfg = Release|Any CPU
		{613BA9F1-54F4-4DE4-A7E3-13D4C8F1AAA4}.Release|Any CPU.Build.0 = Release|Any CPU
		{613BA9F1-54F4-4DE4-A7E3-13D4C8F1AAA4}.Release|iPhone.ActiveCfg = Release|Any CPU
		{613BA9F1-54F4-4DE4-A7E3-13D4C8F1AAA4}.Release|iPhone.Build.0 = Release|Any CPU
		{613BA9F1-54F4-4DE4-A7E3-13D4C8F1AAA4}.Release|iPhoneSimulator.ActiveCfg = Release|Any CPU
		{613BA9F1-54F4-4DE4-A7E3-13D4C8F1AAA4}.Release|iPhoneSimulator.Build.0 = Release|Any CPU
		{F191EE97-53A2-4008-A553-3C26F26D32AD}.Ad-Hoc|Any CPU.ActiveCfg = Release|Any CPU
		{F191EE97-53A2-4008-A553-3C26F26D32AD}.Ad-Hoc|Any CPU.Build.0 = Release|Any CPU
		{F191EE97-53A2-4008-A553-3C26F26D32AD}.Ad-Hoc|Any CPU.Deploy.0 = Release|Any CPU
		{F191EE97-53A2-4008-A553-3C26F26D32AD}.Ad-Hoc|iPhone.ActiveCfg = Release|Any CPU
		{F191EE97-53A2-4008-A553-3C26F26D32AD}.Ad-Hoc|iPhone.Build.0 = Release|Any CPU
		{F191EE97-53A2-4008-A553-3C26F26D32AD}.Ad-Hoc|iPhone.Deploy.0 = Release|Any CPU
		{F191EE97-53A2-4008-A553-3C26F26D32AD}.Ad-Hoc|iPhoneSimulator.ActiveCfg = Release|Any CPU
		{F191EE97-53A2-4008-A553-3C26F26D32AD}.Ad-Hoc|iPhoneSimulator.Build.0 = Release|Any CPU
		{F191EE97-53A2-4008-A553-3C26F26D32AD}.Ad-Hoc|iPhoneSimulator.Deploy.0 = Release|Any CPU
		{F191EE97-53A2-4008-A553-3C26F26D32AD}.AppStore|Any CPU.ActiveCfg = Release|Any CPU
		{F191EE97-53A2-4008-A553-3C26F26D32AD}.AppStore|Any CPU.Build.0 = Release|Any CPU
		{F191EE97-53A2-4008-A553-3C26F26D32AD}.AppStore|Any CPU.Deploy.0 = Release|Any CPU
		{F191EE97-53A2-4008-A553-3C26F26D32AD}.AppStore|iPhone.ActiveCfg = Release|Any CPU
		{F191EE97-53A2-4008-A553-3C26F26D32AD}.AppStore|iPhone.Build.0 = Release|Any CPU
		{F191EE97-53A2-4008-A553-3C26F26D32AD}.AppStore|iPhone.Deploy.0 = Release|Any CPU
		{F191EE97-53A2-4008-A553-3C26F26D32AD}.AppStore|iPhoneSimulator.ActiveCfg = Release|Any CPU
		{F191EE97-53A2-4008-A553-3C26F26D32AD}.AppStore|iPhoneSimulator.Build.0 = Release|Any CPU
		{F191EE97-53A2-4008-A553-3C26F26D32AD}.AppStore|iPhoneSimulator.Deploy.0 = Release|Any CPU
		{F191EE97-53A2-4008-A553-3C26F26D32AD}.Debug|Any CPU.ActiveCfg = Debug|Any CPU
		{F191EE97-53A2-4008-A553-3C26F26D32AD}.Debug|Any CPU.Build.0 = Debug|Any CPU
		{F191EE97-53A2-4008-A553-3C26F26D32AD}.Debug|Any CPU.Deploy.0 = Debug|Any CPU
		{F191EE97-53A2-4008-A553-3C26F26D32AD}.Debug|iPhone.ActiveCfg = Debug|Any CPU
		{F191EE97-53A2-4008-A553-3C26F26D32AD}.Debug|iPhone.Build.0 = Debug|Any CPU
		{F191EE97-53A2-4008-A553-3C26F26D32AD}.Debug|iPhone.Deploy.0 = Debug|Any CPU
		{F191EE97-53A2-4008-A553-3C26F26D32AD}.Debug|iPhoneSimulator.ActiveCfg = Debug|Any CPU
		{F191EE97-53A2-4008-A553-3C26F26D32AD}.Debug|iPhoneSimulator.Build.0 = Debug|Any CPU
		{F191EE97-53A2-4008-A553-3C26F26D32AD}.Debug|iPhoneSimulator.Deploy.0 = Debug|Any CPU
		{F191EE97-53A2-4008-A553-3C26F26D32AD}.Release|Any CPU.ActiveCfg = Release|Any CPU
		{F191EE97-53A2-4008-A553-3C26F26D32AD}.Release|Any CPU.Build.0 = Release|Any CPU
		{F191EE97-53A2-4008-A553-3C26F26D32AD}.Release|Any CPU.Deploy.0 = Release|Any CPU
		{F191EE97-53A2-4008-A553-3C26F26D32AD}.Release|iPhone.ActiveCfg = Release|Any CPU
		{F191EE97-53A2-4008-A553-3C26F26D32AD}.Release|iPhone.Build.0 = Release|Any CPU
		{F191EE97-53A2-4008-A553-3C26F26D32AD}.Release|iPhone.Deploy.0 = Release|Any CPU
		{F191EE97-53A2-4008-A553-3C26F26D32AD}.Release|iPhoneSimulator.ActiveCfg = Release|Any CPU
		{F191EE97-53A2-4008-A553-3C26F26D32AD}.Release|iPhoneSimulator.Build.0 = Release|Any CPU
		{F191EE97-53A2-4008-A553-3C26F26D32AD}.Release|iPhoneSimulator.Deploy.0 = Release|Any CPU
		{EA6DECAD-FD46-44B2-8C1C-951ECB03EC55}.Ad-Hoc|Any CPU.ActiveCfg = Ad-Hoc|iPhone
		{EA6DECAD-FD46-44B2-8C1C-951ECB03EC55}.Ad-Hoc|iPhone.ActiveCfg = Ad-Hoc|iPhone
		{EA6DECAD-FD46-44B2-8C1C-951ECB03EC55}.Ad-Hoc|iPhone.Build.0 = Ad-Hoc|iPhone
		{EA6DECAD-FD46-44B2-8C1C-951ECB03EC55}.Ad-Hoc|iPhoneSimulator.ActiveCfg = Ad-Hoc|iPhoneSimulator
		{EA6DECAD-FD46-44B2-8C1C-951ECB03EC55}.Ad-Hoc|iPhoneSimulator.Build.0 = Ad-Hoc|iPhoneSimulator
		{EA6DECAD-FD46-44B2-8C1C-951ECB03EC55}.AppStore|Any CPU.ActiveCfg = AppStore|iPhone
		{EA6DECAD-FD46-44B2-8C1C-951ECB03EC55}.AppStore|iPhone.ActiveCfg = AppStore|iPhone
		{EA6DECAD-FD46-44B2-8C1C-951ECB03EC55}.AppStore|iPhone.Build.0 = AppStore|iPhone
		{EA6DECAD-FD46-44B2-8C1C-951ECB03EC55}.AppStore|iPhoneSimulator.ActiveCfg = AppStore|iPhoneSimulator
		{EA6DECAD-FD46-44B2-8C1C-951ECB03EC55}.AppStore|iPhoneSimulator.Build.0 = AppStore|iPhoneSimulator
		{EA6DECAD-FD46-44B2-8C1C-951ECB03EC55}.Debug|Any CPU.ActiveCfg = Debug|iPhone
		{EA6DECAD-FD46-44B2-8C1C-951ECB03EC55}.Debug|iPhone.ActiveCfg = Debug|iPhone
		{EA6DECAD-FD46-44B2-8C1C-951ECB03EC55}.Debug|iPhone.Build.0 = Debug|iPhone
		{EA6DECAD-FD46-44B2-8C1C-951ECB03EC55}.Debug|iPhoneSimulator.ActiveCfg = Debug|iPhoneSimulator
		{EA6DECAD-FD46-44B2-8C1C-951ECB03EC55}.Debug|iPhoneSimulator.Build.0 = Debug|iPhoneSimulator
		{EA6DECAD-FD46-44B2-8C1C-951ECB03EC55}.Release|Any CPU.ActiveCfg = Release|iPhone
		{EA6DECAD-FD46-44B2-8C1C-951ECB03EC55}.Release|iPhone.ActiveCfg = Release|iPhone
		{EA6DECAD-FD46-44B2-8C1C-951ECB03EC55}.Release|iPhone.Build.0 = Release|iPhone
		{EA6DECAD-FD46-44B2-8C1C-951ECB03EC55}.Release|iPhoneSimulator.ActiveCfg = Release|iPhoneSimulator
		{EA6DECAD-FD46-44B2-8C1C-951ECB03EC55}.Release|iPhoneSimulator.Build.0 = Release|iPhoneSimulator
		{3381AA89-E767-40E4-B32F-C8E2CE9BE537}.Ad-Hoc|Any CPU.ActiveCfg = Debug|Any CPU
		{3381AA89-E767-40E4-B32F-C8E2CE9BE537}.Ad-Hoc|Any CPU.Build.0 = Debug|Any CPU
		{3381AA89-E767-40E4-B32F-C8E2CE9BE537}.Ad-Hoc|iPhone.ActiveCfg = Debug|Any CPU
		{3381AA89-E767-40E4-B32F-C8E2CE9BE537}.Ad-Hoc|iPhone.Build.0 = Debug|Any CPU
		{3381AA89-E767-40E4-B32F-C8E2CE9BE537}.Ad-Hoc|iPhoneSimulator.ActiveCfg = Debug|Any CPU
		{3381AA89-E767-40E4-B32F-C8E2CE9BE537}.Ad-Hoc|iPhoneSimulator.Build.0 = Debug|Any CPU
		{3381AA89-E767-40E4-B32F-C8E2CE9BE537}.AppStore|Any CPU.ActiveCfg = Debug|Any CPU
		{3381AA89-E767-40E4-B32F-C8E2CE9BE537}.AppStore|Any CPU.Build.0 = Debug|Any CPU
		{3381AA89-E767-40E4-B32F-C8E2CE9BE537}.AppStore|iPhone.ActiveCfg = Debug|Any CPU
		{3381AA89-E767-40E4-B32F-C8E2CE9BE537}.AppStore|iPhone.Build.0 = Debug|Any CPU
		{3381AA89-E767-40E4-B32F-C8E2CE9BE537}.AppStore|iPhoneSimulator.ActiveCfg = Debug|Any CPU
		{3381AA89-E767-40E4-B32F-C8E2CE9BE537}.AppStore|iPhoneSimulator.Build.0 = Debug|Any CPU
		{3381AA89-E767-40E4-B32F-C8E2CE9BE537}.Debug|Any CPU.ActiveCfg = Debug|Any CPU
		{3381AA89-E767-40E4-B32F-C8E2CE9BE537}.Debug|Any CPU.Build.0 = Debug|Any CPU
		{3381AA89-E767-40E4-B32F-C8E2CE9BE537}.Debug|iPhone.ActiveCfg = Debug|Any CPU
		{3381AA89-E767-40E4-B32F-C8E2CE9BE537}.Debug|iPhone.Build.0 = Debug|Any CPU
		{3381AA89-E767-40E4-B32F-C8E2CE9BE537}.Debug|iPhoneSimulator.ActiveCfg = Debug|Any CPU
		{3381AA89-E767-40E4-B32F-C8E2CE9BE537}.Debug|iPhoneSimulator.Build.0 = Debug|Any CPU
		{3381AA89-E767-40E4-B32F-C8E2CE9BE537}.Release|Any CPU.ActiveCfg = Release|Any CPU
		{3381AA89-E767-40E4-B32F-C8E2CE9BE537}.Release|Any CPU.Build.0 = Release|Any CPU
		{3381AA89-E767-40E4-B32F-C8E2CE9BE537}.Release|iPhone.ActiveCfg = Release|Any CPU
		{3381AA89-E767-40E4-B32F-C8E2CE9BE537}.Release|iPhone.Build.0 = Release|Any CPU
		{3381AA89-E767-40E4-B32F-C8E2CE9BE537}.Release|iPhoneSimulator.ActiveCfg = Release|Any CPU
		{3381AA89-E767-40E4-B32F-C8E2CE9BE537}.Release|iPhoneSimulator.Build.0 = Release|Any CPU
		{62F2BFD6-2FFC-4D68-B7F5-60C93F020B15}.Ad-Hoc|Any CPU.ActiveCfg = Debug|Any CPU
		{62F2BFD6-2FFC-4D68-B7F5-60C93F020B15}.Ad-Hoc|Any CPU.Build.0 = Debug|Any CPU
		{62F2BFD6-2FFC-4D68-B7F5-60C93F020B15}.Ad-Hoc|iPhone.ActiveCfg = Debug|Any CPU
		{62F2BFD6-2FFC-4D68-B7F5-60C93F020B15}.Ad-Hoc|iPhone.Build.0 = Debug|Any CPU
		{62F2BFD6-2FFC-4D68-B7F5-60C93F020B15}.Ad-Hoc|iPhoneSimulator.ActiveCfg = Debug|Any CPU
		{62F2BFD6-2FFC-4D68-B7F5-60C93F020B15}.Ad-Hoc|iPhoneSimulator.Build.0 = Debug|Any CPU
		{62F2BFD6-2FFC-4D68-B7F5-60C93F020B15}.AppStore|Any CPU.ActiveCfg = Debug|Any CPU
		{62F2BFD6-2FFC-4D68-B7F5-60C93F020B15}.AppStore|Any CPU.Build.0 = Debug|Any CPU
		{62F2BFD6-2FFC-4D68-B7F5-60C93F020B15}.AppStore|iPhone.ActiveCfg = Debug|Any CPU
		{62F2BFD6-2FFC-4D68-B7F5-60C93F020B15}.AppStore|iPhone.Build.0 = Debug|Any CPU
		{62F2BFD6-2FFC-4D68-B7F5-60C93F020B15}.AppStore|iPhoneSimulator.ActiveCfg = Debug|Any CPU
		{62F2BFD6-2FFC-4D68-B7F5-60C93F020B15}.AppStore|iPhoneSimulator.Build.0 = Debug|Any CPU
		{62F2BFD6-2FFC-4D68-B7F5-60C93F020B15}.Debug|Any CPU.ActiveCfg = Debug|Any CPU
		{62F2BFD6-2FFC-4D68-B7F5-60C93F020B15}.Debug|Any CPU.Build.0 = Debug|Any CPU
		{62F2BFD6-2FFC-4D68-B7F5-60C93F020B15}.Debug|iPhone.ActiveCfg = Debug|Any CPU
		{62F2BFD6-2FFC-4D68-B7F5-60C93F020B15}.Debug|iPhone.Build.0 = Debug|Any CPU
		{62F2BFD6-2FFC-4D68-B7F5-60C93F020B15}.Debug|iPhoneSimulator.ActiveCfg = Debug|Any CPU
		{62F2BFD6-2FFC-4D68-B7F5-60C93F020B15}.Debug|iPhoneSimulator.Build.0 = Debug|Any CPU
		{62F2BFD6-2FFC-4D68-B7F5-60C93F020B15}.Release|Any CPU.ActiveCfg = Release|Any CPU
		{62F2BFD6-2FFC-4D68-B7F5-60C93F020B15}.Release|Any CPU.Build.0 = Release|Any CPU
		{62F2BFD6-2FFC-4D68-B7F5-60C93F020B15}.Release|iPhone.ActiveCfg = Release|Any CPU
		{62F2BFD6-2FFC-4D68-B7F5-60C93F020B15}.Release|iPhone.Build.0 = Release|Any CPU
		{62F2BFD6-2FFC-4D68-B7F5-60C93F020B15}.Release|iPhoneSimulator.ActiveCfg = Release|Any CPU
		{62F2BFD6-2FFC-4D68-B7F5-60C93F020B15}.Release|iPhoneSimulator.Build.0 = Release|Any CPU
		{1FDE8D8E-5C65-422B-AACC-F075AD094508}.Ad-Hoc|Any CPU.ActiveCfg = Debug|Any CPU
		{1FDE8D8E-5C65-422B-AACC-F075AD094508}.Ad-Hoc|Any CPU.Build.0 = Debug|Any CPU
		{1FDE8D8E-5C65-422B-AACC-F075AD094508}.Ad-Hoc|iPhone.ActiveCfg = Debug|Any CPU
		{1FDE8D8E-5C65-422B-AACC-F075AD094508}.Ad-Hoc|iPhone.Build.0 = Debug|Any CPU
		{1FDE8D8E-5C65-422B-AACC-F075AD094508}.Ad-Hoc|iPhoneSimulator.ActiveCfg = Debug|Any CPU
		{1FDE8D8E-5C65-422B-AACC-F075AD094508}.Ad-Hoc|iPhoneSimulator.Build.0 = Debug|Any CPU
		{1FDE8D8E-5C65-422B-AACC-F075AD094508}.AppStore|Any CPU.ActiveCfg = Debug|Any CPU
		{1FDE8D8E-5C65-422B-AACC-F075AD094508}.AppStore|Any CPU.Build.0 = Debug|Any CPU
		{1FDE8D8E-5C65-422B-AACC-F075AD094508}.AppStore|iPhone.ActiveCfg = Debug|Any CPU
		{1FDE8D8E-5C65-422B-AACC-F075AD094508}.AppStore|iPhone.Build.0 = Debug|Any CPU
		{1FDE8D8E-5C65-422B-AACC-F075AD094508}.AppStore|iPhoneSimulator.ActiveCfg = Debug|Any CPU
		{1FDE8D8E-5C65-422B-AACC-F075AD094508}.AppStore|iPhoneSimulator.Build.0 = Debug|Any CPU
		{1FDE8D8E-5C65-422B-AACC-F075AD094508}.Debug|Any CPU.ActiveCfg = Debug|Any CPU
		{1FDE8D8E-5C65-422B-AACC-F075AD094508}.Debug|Any CPU.Build.0 = Debug|Any CPU
		{1FDE8D8E-5C65-422B-AACC-F075AD094508}.Debug|iPhone.ActiveCfg = Debug|Any CPU
		{1FDE8D8E-5C65-422B-AACC-F075AD094508}.Debug|iPhone.Build.0 = Debug|Any CPU
		{1FDE8D8E-5C65-422B-AACC-F075AD094508}.Debug|iPhoneSimulator.ActiveCfg = Debug|Any CPU
		{1FDE8D8E-5C65-422B-AACC-F075AD094508}.Debug|iPhoneSimulator.Build.0 = Debug|Any CPU
		{1FDE8D8E-5C65-422B-AACC-F075AD094508}.Release|Any CPU.ActiveCfg = Release|Any CPU
		{1FDE8D8E-5C65-422B-AACC-F075AD094508}.Release|Any CPU.Build.0 = Release|Any CPU
		{1FDE8D8E-5C65-422B-AACC-F075AD094508}.Release|iPhone.ActiveCfg = Release|Any CPU
		{1FDE8D8E-5C65-422B-AACC-F075AD094508}.Release|iPhone.Build.0 = Release|Any CPU
		{1FDE8D8E-5C65-422B-AACC-F075AD094508}.Release|iPhoneSimulator.ActiveCfg = Release|Any CPU
		{1FDE8D8E-5C65-422B-AACC-F075AD094508}.Release|iPhoneSimulator.Build.0 = Release|Any CPU
		{26C42A33-2D24-42AD-8385-34242EA2DD37}.Ad-Hoc|Any CPU.ActiveCfg = Debug|Any CPU
		{26C42A33-2D24-42AD-8385-34242EA2DD37}.Ad-Hoc|Any CPU.Build.0 = Debug|Any CPU
		{26C42A33-2D24-42AD-8385-34242EA2DD37}.Ad-Hoc|iPhone.ActiveCfg = Debug|Any CPU
		{26C42A33-2D24-42AD-8385-34242EA2DD37}.Ad-Hoc|iPhone.Build.0 = Debug|Any CPU
		{26C42A33-2D24-42AD-8385-34242EA2DD37}.Ad-Hoc|iPhoneSimulator.ActiveCfg = Debug|Any CPU
		{26C42A33-2D24-42AD-8385-34242EA2DD37}.Ad-Hoc|iPhoneSimulator.Build.0 = Debug|Any CPU
		{26C42A33-2D24-42AD-8385-34242EA2DD37}.AppStore|Any CPU.ActiveCfg = Debug|Any CPU
		{26C42A33-2D24-42AD-8385-34242EA2DD37}.AppStore|Any CPU.Build.0 = Debug|Any CPU
		{26C42A33-2D24-42AD-8385-34242EA2DD37}.AppStore|iPhone.ActiveCfg = Debug|Any CPU
		{26C42A33-2D24-42AD-8385-34242EA2DD37}.AppStore|iPhone.Build.0 = Debug|Any CPU
		{26C42A33-2D24-42AD-8385-34242EA2DD37}.AppStore|iPhoneSimulator.ActiveCfg = Debug|Any CPU
		{26C42A33-2D24-42AD-8385-34242EA2DD37}.AppStore|iPhoneSimulator.Build.0 = Debug|Any CPU
		{26C42A33-2D24-42AD-8385-34242EA2DD37}.Debug|Any CPU.ActiveCfg = Debug|Any CPU
		{26C42A33-2D24-42AD-8385-34242EA2DD37}.Debug|Any CPU.Build.0 = Debug|Any CPU
		{26C42A33-2D24-42AD-8385-34242EA2DD37}.Debug|iPhone.ActiveCfg = Debug|Any CPU
		{26C42A33-2D24-42AD-8385-34242EA2DD37}.Debug|iPhone.Build.0 = Debug|Any CPU
		{26C42A33-2D24-42AD-8385-34242EA2DD37}.Debug|iPhoneSimulator.ActiveCfg = Debug|Any CPU
		{26C42A33-2D24-42AD-8385-34242EA2DD37}.Debug|iPhoneSimulator.Build.0 = Debug|Any CPU
		{26C42A33-2D24-42AD-8385-34242EA2DD37}.Release|Any CPU.ActiveCfg = Release|Any CPU
		{26C42A33-2D24-42AD-8385-34242EA2DD37}.Release|Any CPU.Build.0 = Release|Any CPU
		{26C42A33-2D24-42AD-8385-34242EA2DD37}.Release|iPhone.ActiveCfg = Release|Any CPU
		{26C42A33-2D24-42AD-8385-34242EA2DD37}.Release|iPhone.Build.0 = Release|Any CPU
		{26C42A33-2D24-42AD-8385-34242EA2DD37}.Release|iPhoneSimulator.ActiveCfg = Release|Any CPU
		{26C42A33-2D24-42AD-8385-34242EA2DD37}.Release|iPhoneSimulator.Build.0 = Release|Any CPU
		{0AC40828-A534-467E-A98D-ED9A47DA42D2}.Ad-Hoc|Any CPU.ActiveCfg = Debug|Any CPU
		{0AC40828-A534-467E-A98D-ED9A47DA42D2}.Ad-Hoc|Any CPU.Build.0 = Debug|Any CPU
		{0AC40828-A534-467E-A98D-ED9A47DA42D2}.Ad-Hoc|iPhone.ActiveCfg = Debug|Any CPU
		{0AC40828-A534-467E-A98D-ED9A47DA42D2}.Ad-Hoc|iPhone.Build.0 = Debug|Any CPU
		{0AC40828-A534-467E-A98D-ED9A47DA42D2}.Ad-Hoc|iPhoneSimulator.ActiveCfg = Debug|Any CPU
		{0AC40828-A534-467E-A98D-ED9A47DA42D2}.Ad-Hoc|iPhoneSimulator.Build.0 = Debug|Any CPU
		{0AC40828-A534-467E-A98D-ED9A47DA42D2}.AppStore|Any CPU.ActiveCfg = Debug|Any CPU
		{0AC40828-A534-467E-A98D-ED9A47DA42D2}.AppStore|Any CPU.Build.0 = Debug|Any CPU
		{0AC40828-A534-467E-A98D-ED9A47DA42D2}.AppStore|iPhone.ActiveCfg = Debug|Any CPU
		{0AC40828-A534-467E-A98D-ED9A47DA42D2}.AppStore|iPhone.Build.0 = Debug|Any CPU
		{0AC40828-A534-467E-A98D-ED9A47DA42D2}.AppStore|iPhoneSimulator.ActiveCfg = Debug|Any CPU
		{0AC40828-A534-467E-A98D-ED9A47DA42D2}.AppStore|iPhoneSimulator.Build.0 = Debug|Any CPU
		{0AC40828-A534-467E-A98D-ED9A47DA42D2}.Debug|Any CPU.ActiveCfg = Debug|Any CPU
		{0AC40828-A534-467E-A98D-ED9A47DA42D2}.Debug|Any CPU.Build.0 = Debug|Any CPU
		{0AC40828-A534-467E-A98D-ED9A47DA42D2}.Debug|iPhone.ActiveCfg = Debug|Any CPU
		{0AC40828-A534-467E-A98D-ED9A47DA42D2}.Debug|iPhone.Build.0 = Debug|Any CPU
		{0AC40828-A534-467E-A98D-ED9A47DA42D2}.Debug|iPhoneSimulator.ActiveCfg = Debug|Any CPU
		{0AC40828-A534-467E-A98D-ED9A47DA42D2}.Debug|iPhoneSimulator.Build.0 = Debug|Any CPU
		{0AC40828-A534-467E-A98D-ED9A47DA42D2}.Release|Any CPU.ActiveCfg = Release|Any CPU
		{0AC40828-A534-467E-A98D-ED9A47DA42D2}.Release|Any CPU.Build.0 = Release|Any CPU
		{0AC40828-A534-467E-A98D-ED9A47DA42D2}.Release|iPhone.ActiveCfg = Release|Any CPU
		{0AC40828-A534-467E-A98D-ED9A47DA42D2}.Release|iPhone.Build.0 = Release|Any CPU
		{0AC40828-A534-467E-A98D-ED9A47DA42D2}.Release|iPhoneSimulator.ActiveCfg = Release|Any CPU
		{0AC40828-A534-467E-A98D-ED9A47DA42D2}.Release|iPhoneSimulator.Build.0 = Release|Any CPU
		{1526A916-C5D9-4201-994D-D5111E1AE1FF}.Ad-Hoc|Any CPU.ActiveCfg = Debug|Any CPU
		{1526A916-C5D9-4201-994D-D5111E1AE1FF}.Ad-Hoc|Any CPU.Build.0 = Debug|Any CPU
		{1526A916-C5D9-4201-994D-D5111E1AE1FF}.Ad-Hoc|iPhone.ActiveCfg = Debug|Any CPU
		{1526A916-C5D9-4201-994D-D5111E1AE1FF}.Ad-Hoc|iPhone.Build.0 = Debug|Any CPU
		{1526A916-C5D9-4201-994D-D5111E1AE1FF}.Ad-Hoc|iPhoneSimulator.ActiveCfg = Debug|Any CPU
		{1526A916-C5D9-4201-994D-D5111E1AE1FF}.Ad-Hoc|iPhoneSimulator.Build.0 = Debug|Any CPU
		{1526A916-C5D9-4201-994D-D5111E1AE1FF}.AppStore|Any CPU.ActiveCfg = Debug|Any CPU
		{1526A916-C5D9-4201-994D-D5111E1AE1FF}.AppStore|Any CPU.Build.0 = Debug|Any CPU
		{1526A916-C5D9-4201-994D-D5111E1AE1FF}.AppStore|iPhone.ActiveCfg = Debug|Any CPU
		{1526A916-C5D9-4201-994D-D5111E1AE1FF}.AppStore|iPhone.Build.0 = Debug|Any CPU
		{1526A916-C5D9-4201-994D-D5111E1AE1FF}.AppStore|iPhoneSimulator.ActiveCfg = Debug|Any CPU
		{1526A916-C5D9-4201-994D-D5111E1AE1FF}.AppStore|iPhoneSimulator.Build.0 = Debug|Any CPU
		{1526A916-C5D9-4201-994D-D5111E1AE1FF}.Debug|Any CPU.ActiveCfg = Debug|Any CPU
		{1526A916-C5D9-4201-994D-D5111E1AE1FF}.Debug|Any CPU.Build.0 = Debug|Any CPU
		{1526A916-C5D9-4201-994D-D5111E1AE1FF}.Debug|iPhone.ActiveCfg = Debug|Any CPU
		{1526A916-C5D9-4201-994D-D5111E1AE1FF}.Debug|iPhone.Build.0 = Debug|Any CPU
		{1526A916-C5D9-4201-994D-D5111E1AE1FF}.Debug|iPhoneSimulator.ActiveCfg = Debug|Any CPU
		{1526A916-C5D9-4201-994D-D5111E1AE1FF}.Debug|iPhoneSimulator.Build.0 = Debug|Any CPU
		{1526A916-C5D9-4201-994D-D5111E1AE1FF}.Release|Any CPU.ActiveCfg = Release|Any CPU
		{1526A916-C5D9-4201-994D-D5111E1AE1FF}.Release|Any CPU.Build.0 = Release|Any CPU
		{1526A916-C5D9-4201-994D-D5111E1AE1FF}.Release|iPhone.ActiveCfg = Release|Any CPU
		{1526A916-C5D9-4201-994D-D5111E1AE1FF}.Release|iPhone.Build.0 = Release|Any CPU
		{1526A916-C5D9-4201-994D-D5111E1AE1FF}.Release|iPhoneSimulator.ActiveCfg = Release|Any CPU
		{1526A916-C5D9-4201-994D-D5111E1AE1FF}.Release|iPhoneSimulator.Build.0 = Release|Any CPU
		{D013AE81-3266-4318-863C-879E5ED1F9AF}.Ad-Hoc|Any CPU.ActiveCfg = Debug|Any CPU
		{D013AE81-3266-4318-863C-879E5ED1F9AF}.Ad-Hoc|Any CPU.Build.0 = Debug|Any CPU
		{D013AE81-3266-4318-863C-879E5ED1F9AF}.Ad-Hoc|iPhone.ActiveCfg = Debug|Any CPU
		{D013AE81-3266-4318-863C-879E5ED1F9AF}.Ad-Hoc|iPhone.Build.0 = Debug|Any CPU
		{D013AE81-3266-4318-863C-879E5ED1F9AF}.Ad-Hoc|iPhoneSimulator.ActiveCfg = Debug|Any CPU
		{D013AE81-3266-4318-863C-879E5ED1F9AF}.Ad-Hoc|iPhoneSimulator.Build.0 = Debug|Any CPU
		{D013AE81-3266-4318-863C-879E5ED1F9AF}.AppStore|Any CPU.ActiveCfg = Debug|Any CPU
		{D013AE81-3266-4318-863C-879E5ED1F9AF}.AppStore|Any CPU.Build.0 = Debug|Any CPU
		{D013AE81-3266-4318-863C-879E5ED1F9AF}.AppStore|iPhone.ActiveCfg = Debug|Any CPU
		{D013AE81-3266-4318-863C-879E5ED1F9AF}.AppStore|iPhone.Build.0 = Debug|Any CPU
		{D013AE81-3266-4318-863C-879E5ED1F9AF}.AppStore|iPhoneSimulator.ActiveCfg = Debug|Any CPU
		{D013AE81-3266-4318-863C-879E5ED1F9AF}.AppStore|iPhoneSimulator.Build.0 = Debug|Any CPU
		{D013AE81-3266-4318-863C-879E5ED1F9AF}.Debug|Any CPU.ActiveCfg = Debug|Any CPU
		{D013AE81-3266-4318-863C-879E5ED1F9AF}.Debug|Any CPU.Build.0 = Debug|Any CPU
		{D013AE81-3266-4318-863C-879E5ED1F9AF}.Debug|iPhone.ActiveCfg = Debug|Any CPU
		{D013AE81-3266-4318-863C-879E5ED1F9AF}.Debug|iPhone.Build.0 = Debug|Any CPU
		{D013AE81-3266-4318-863C-879E5ED1F9AF}.Debug|iPhoneSimulator.ActiveCfg = Debug|Any CPU
		{D013AE81-3266-4318-863C-879E5ED1F9AF}.Debug|iPhoneSimulator.Build.0 = Debug|Any CPU
		{D013AE81-3266-4318-863C-879E5ED1F9AF}.Release|Any CPU.ActiveCfg = Release|Any CPU
		{D013AE81-3266-4318-863C-879E5ED1F9AF}.Release|Any CPU.Build.0 = Release|Any CPU
		{D013AE81-3266-4318-863C-879E5ED1F9AF}.Release|iPhone.ActiveCfg = Release|Any CPU
		{D013AE81-3266-4318-863C-879E5ED1F9AF}.Release|iPhone.Build.0 = Release|Any CPU
		{D013AE81-3266-4318-863C-879E5ED1F9AF}.Release|iPhoneSimulator.ActiveCfg = Release|Any CPU
		{D013AE81-3266-4318-863C-879E5ED1F9AF}.Release|iPhoneSimulator.Build.0 = Release|Any CPU
	EndGlobalSection
	GlobalSection(SolutionProperties) = preSolution
		HideSolutionNode = FALSE
	EndGlobalSection
	GlobalSection(ExtensibilityGlobals) = postSolution
		SolutionGuid = {2DFF2C6B-3134-455B-9681-B9BFF9B8A911}
	EndGlobalSection
EndGlobal
